// !$*UTF8*$!
{
	archiveVersion = 1;
	classes = {
	};
	objectVersion = 56;
	objects = {

/* Begin PBXBuildFile section */
		E334A47D2C1B36A80034523E /* GiftApp.swift in Sources */ = {isa = PBXBuildFile; fileRef = E334A47C2C1B36A80034523E /* GiftApp.swift */; };
		E334A47F2C1B36A80034523E /* ContentView.swift in Sources */ = {isa = PBXBuildFile; fileRef = E334A47E2C1B36A80034523E /* ContentView.swift */; };
		E334A4812C1B36A90034523E /* Assets.xcassets in Resources */ = {isa = PBXBuildFile; fileRef = E334A4802C1B36A90034523E /* Assets.xcassets */; };
		E334A4842C1B36A90034523E /* Preview Assets.xcassets in Resources */ = {isa = PBXBuildFile; fileRef = E334A4832C1B36A90034523E /* Preview Assets.xcassets */; };
		E334A48E2C1B36AA0034523E /* GiftTests.swift in Sources */ = {isa = PBXBuildFile; fileRef = E334A48D2C1B36AA0034523E /* GiftTests.swift */; };
		E334A4982C1B36AA0034523E /* GiftUITests.swift in Sources */ = {isa = PBXBuildFile; fileRef = E334A4972C1B36AA0034523E /* GiftUITests.swift */; };
		E334A49A2C1B36AA0034523E /* GiftUITestsLaunchTests.swift in Sources */ = {isa = PBXBuildFile; fileRef = E334A4992C1B36AA0034523E /* GiftUITestsLaunchTests.swift */; };
		E334A4A82C1B37240034523E /* LoginView.swift in Sources */ = {isa = PBXBuildFile; fileRef = E334A4A72C1B37240034523E /* LoginView.swift */; };
		E334A4AA2C1B37590034523E /* AccountCreateView.swift in Sources */ = {isa = PBXBuildFile; fileRef = E334A4A92C1B37590034523E /* AccountCreateView.swift */; };
		E334A4AC2C1B37910034523E /* MainMenuView.swift in Sources */ = {isa = PBXBuildFile; fileRef = E334A4AB2C1B37910034523E /* MainMenuView.swift */; };
		E334A4B32C1B3DB60034523E /* FirebaseAnalytics in Frameworks */ = {isa = PBXBuildFile; productRef = E334A4B22C1B3DB60034523E /* FirebaseAnalytics */; };
		E334A4B52C1B3DB60034523E /* FirebaseAnalyticsOnDeviceConversion in Frameworks */ = {isa = PBXBuildFile; productRef = E334A4B42C1B3DB60034523E /* FirebaseAnalyticsOnDeviceConversion */; };
		E334A4B72C1B3DB60034523E /* FirebaseAnalyticsSwift in Frameworks */ = {isa = PBXBuildFile; productRef = E334A4B62C1B3DB60034523E /* FirebaseAnalyticsSwift */; };
		E334A4B92C1B3DB60034523E /* FirebaseAnalyticsWithoutAdIdSupport in Frameworks */ = {isa = PBXBuildFile; productRef = E334A4B82C1B3DB60034523E /* FirebaseAnalyticsWithoutAdIdSupport */; };
		E334A4BB2C1B3DB60034523E /* FirebaseAppCheck in Frameworks */ = {isa = PBXBuildFile; productRef = E334A4BA2C1B3DB60034523E /* FirebaseAppCheck */; };
		E334A4BD2C1B3DB60034523E /* FirebaseAppDistribution-Beta in Frameworks */ = {isa = PBXBuildFile; productRef = E334A4BC2C1B3DB60034523E /* FirebaseAppDistribution-Beta */; };
		E334A4BF2C1B3DB60034523E /* FirebaseAuth in Frameworks */ = {isa = PBXBuildFile; productRef = E334A4BE2C1B3DB60034523E /* FirebaseAuth */; };
		E334A4C12C1B3DB60034523E /* FirebaseAuthCombine-Community in Frameworks */ = {isa = PBXBuildFile; productRef = E334A4C02C1B3DB60034523E /* FirebaseAuthCombine-Community */; };
		E334A4C32C1B3DB60034523E /* FirebaseCrashlytics in Frameworks */ = {isa = PBXBuildFile; productRef = E334A4C22C1B3DB60034523E /* FirebaseCrashlytics */; };
		E334A4C52C1B3DB60034523E /* FirebaseDatabase in Frameworks */ = {isa = PBXBuildFile; productRef = E334A4C42C1B3DB60034523E /* FirebaseDatabase */; };
		E334A4C72C1B3DB60034523E /* FirebaseDatabaseSwift in Frameworks */ = {isa = PBXBuildFile; productRef = E334A4C62C1B3DB60034523E /* FirebaseDatabaseSwift */; };
		E334A4C92C1B3DB60034523E /* FirebaseDynamicLinks in Frameworks */ = {isa = PBXBuildFile; productRef = E334A4C82C1B3DB60034523E /* FirebaseDynamicLinks */; };
		E334A4CB2C1B3DB60034523E /* FirebaseFirestore in Frameworks */ = {isa = PBXBuildFile; productRef = E334A4CA2C1B3DB60034523E /* FirebaseFirestore */; };
		E334A4CD2C1B3DB60034523E /* FirebaseFirestoreCombine-Community in Frameworks */ = {isa = PBXBuildFile; productRef = E334A4CC2C1B3DB60034523E /* FirebaseFirestoreCombine-Community */; };
		E334A4CF2C1B3DB60034523E /* FirebaseFirestoreSwift in Frameworks */ = {isa = PBXBuildFile; productRef = E334A4CE2C1B3DB60034523E /* FirebaseFirestoreSwift */; };
		E334A4D12C1B3DB60034523E /* FirebaseFunctions in Frameworks */ = {isa = PBXBuildFile; productRef = E334A4D02C1B3DB60034523E /* FirebaseFunctions */; };
		E334A4D32C1B3DB60034523E /* FirebaseFunctionsCombine-Community in Frameworks */ = {isa = PBXBuildFile; productRef = E334A4D22C1B3DB60034523E /* FirebaseFunctionsCombine-Community */; };
		E334A4D52C1B3DB60034523E /* FirebaseInAppMessaging-Beta in Frameworks */ = {isa = PBXBuildFile; productRef = E334A4D42C1B3DB60034523E /* FirebaseInAppMessaging-Beta */; };
		E334A4D72C1B3DB60034523E /* FirebaseInAppMessagingSwift-Beta in Frameworks */ = {isa = PBXBuildFile; productRef = E334A4D62C1B3DB60034523E /* FirebaseInAppMessagingSwift-Beta */; };
		E334A4D92C1B3DB60034523E /* FirebaseInstallations in Frameworks */ = {isa = PBXBuildFile; productRef = E334A4D82C1B3DB60034523E /* FirebaseInstallations */; };
		E334A4DB2C1B3DB60034523E /* FirebaseMLModelDownloader in Frameworks */ = {isa = PBXBuildFile; productRef = E334A4DA2C1B3DB60034523E /* FirebaseMLModelDownloader */; };
		E334A4DD2C1B3DB60034523E /* FirebaseMessaging in Frameworks */ = {isa = PBXBuildFile; productRef = E334A4DC2C1B3DB60034523E /* FirebaseMessaging */; };
		E334A4DF2C1B3DB60034523E /* FirebasePerformance in Frameworks */ = {isa = PBXBuildFile; productRef = E334A4DE2C1B3DB60034523E /* FirebasePerformance */; };
		E334A4E12C1B3DB60034523E /* FirebaseRemoteConfig in Frameworks */ = {isa = PBXBuildFile; productRef = E334A4E02C1B3DB60034523E /* FirebaseRemoteConfig */; };
		E334A4E32C1B3DB60034523E /* FirebaseRemoteConfigSwift in Frameworks */ = {isa = PBXBuildFile; productRef = E334A4E22C1B3DB60034523E /* FirebaseRemoteConfigSwift */; };
		E334A4E52C1B3DB60034523E /* FirebaseStorage in Frameworks */ = {isa = PBXBuildFile; productRef = E334A4E42C1B3DB60034523E /* FirebaseStorage */; };
		E334A4E72C1B3DB60034523E /* FirebaseStorageCombine-Community in Frameworks */ = {isa = PBXBuildFile; productRef = E334A4E62C1B3DB60034523E /* FirebaseStorageCombine-Community */; };
		E334A4E92C1B3DB60034523E /* FirebaseVertexAI-Preview in Frameworks */ = {isa = PBXBuildFile; productRef = E334A4E82C1B3DB60034523E /* FirebaseVertexAI-Preview */; };
		E334A4EB2C1B412A0034523E /* GoogleService-Info.plist in Resources */ = {isa = PBXBuildFile; fileRef = E334A4EA2C1B412A0034523E /* GoogleService-Info.plist */; };
		E334A4EF2C1F3EEC0034523E /* CreateListView.swift in Sources */ = {isa = PBXBuildFile; fileRef = E334A4EE2C1F3EEC0034523E /* CreateListView.swift */; };
		E334A4F32C2385680034523E /* SearchView.swift in Sources */ = {isa = PBXBuildFile; fileRef = E334A4F22C2385680034523E /* SearchView.swift */; };
		E334A4F82C25B2BF0034523E /* CreateGiftView.swift in Sources */ = {isa = PBXBuildFile; fileRef = E334A4F72C25B2BF0034523E /* CreateGiftView.swift */; };
		E334A4FA2C285F1A0034523E /* ProfileView.swift in Sources */ = {isa = PBXBuildFile; fileRef = E334A4F92C285F190034523E /* ProfileView.swift */; };
		E334A4FF2C28F3000034523E /* AccountViewModel.swift in Sources */ = {isa = PBXBuildFile; fileRef = E334A4FE2C28F3000034523E /* AccountViewModel.swift */; };
		E334A5012C2907550034523E /* GiftViewModel.swift in Sources */ = {isa = PBXBuildFile; fileRef = E334A5002C2907550034523E /* GiftViewModel.swift */; };
		E334A5032C2911100034523E /* ListViewModel.swift in Sources */ = {isa = PBXBuildFile; fileRef = E334A5022C2911100034523E /* ListViewModel.swift */; };
		E334A5082C2BA2540034523E /* DetailListView.swift in Sources */ = {isa = PBXBuildFile; fileRef = E334A5072C2BA2540034523E /* DetailListView.swift */; };
		E334A50A2C2C1E400034523E /* DetailGiftView.swift in Sources */ = {isa = PBXBuildFile; fileRef = E334A5092C2C1E400034523E /* DetailGiftView.swift */; };
		E35F08B62C31B222001F4209 /* LoginViewModel.swift in Sources */ = {isa = PBXBuildFile; fileRef = E35F08B52C31B222001F4209 /* LoginViewModel.swift */; };
		E35F08BA2C31B28E001F4209 /* SearchViewModel.swift in Sources */ = {isa = PBXBuildFile; fileRef = E35F08B92C31B28E001F4209 /* SearchViewModel.swift */; };
		E35F08BC2C31B2D6001F4209 /* ProfileViewModel.swift in Sources */ = {isa = PBXBuildFile; fileRef = E35F08BB2C31B2D6001F4209 /* ProfileViewModel.swift */; };
		E35F08BE2C31B2F1001F4209 /* DetailListViewModel.swift in Sources */ = {isa = PBXBuildFile; fileRef = E35F08BD2C31B2F1001F4209 /* DetailListViewModel.swift */; };
		E35F08C02C31B307001F4209 /* DetailGiftViewModel.swift in Sources */ = {isa = PBXBuildFile; fileRef = E35F08BF2C31B307001F4209 /* DetailGiftViewModel.swift */; };
		E3EAD6642C42C98600CC1EC0 /* ActivityView.swift in Sources */ = {isa = PBXBuildFile; fileRef = E3EAD6632C42C98600CC1EC0 /* ActivityView.swift */; };
		E3EAD66E2C47DD9300CC1EC0 /* ProfileCodable.swift in Sources */ = {isa = PBXBuildFile; fileRef = E3EAD66D2C47DD9300CC1EC0 /* ProfileCodable.swift */; };
		E3EAD6702C47EB6400CC1EC0 /* FirestoreManager.swift in Sources */ = {isa = PBXBuildFile; fileRef = E3EAD66F2C47EB6400CC1EC0 /* FirestoreManager.swift */; };
		E3EAD6722C4854EF00CC1EC0 /* GiftCodable.swift in Sources */ = {isa = PBXBuildFile; fileRef = E3EAD6712C4854EF00CC1EC0 /* GiftCodable.swift */; };
		E3EAD6742C48550B00CC1EC0 /* ListGiftCodable.swift in Sources */ = {isa = PBXBuildFile; fileRef = E3EAD6732C48550B00CC1EC0 /* ListGiftCodable.swift */; };
		E3EAD67A2C51C1D800CC1EC0 /* ListGiftDataManager.swift in Sources */ = {isa = PBXBuildFile; fileRef = E3EAD6792C51C1D800CC1EC0 /* ListGiftDataManager.swift */; };
		E3EAD67D2C573DDD00CC1EC0 /* ListGiftError.swift in Sources */ = {isa = PBXBuildFile; fileRef = E3EAD67C2C573DDD00CC1EC0 /* ListGiftError.swift */; };
		E3EAD67F2C579FAC00CC1EC0 /* ListGiftViewModelTests.swift in Sources */ = {isa = PBXBuildFile; fileRef = E3EAD67E2C579FAC00CC1EC0 /* ListGiftViewModelTests.swift */; };
		E3EAD6832C59914900CC1EC0 /* DetailListViewModelTests.swift in Sources */ = {isa = PBXBuildFile; fileRef = E3EAD6822C59914900CC1EC0 /* DetailListViewModelTests.swift */; };
		E3EAD6852C5996DC00CC1EC0 /* GiftDataManager.swift in Sources */ = {isa = PBXBuildFile; fileRef = E3EAD6842C5996DC00CC1EC0 /* GiftDataManager.swift */; };
		E3EAD6872C5998A500CC1EC0 /* GiftError.swift in Sources */ = {isa = PBXBuildFile; fileRef = E3EAD6862C5998A500CC1EC0 /* GiftError.swift */; };
		E3EAD6892C599A3E00CC1EC0 /* GiftViewModelTests.swift in Sources */ = {isa = PBXBuildFile; fileRef = E3EAD6882C599A3E00CC1EC0 /* GiftViewModelTests.swift */; };
		E3EAD68B2C59A29100CC1EC0 /* DetailGiftViewModelTests.swift in Sources */ = {isa = PBXBuildFile; fileRef = E3EAD68A2C59A29100CC1EC0 /* DetailGiftViewModelTests.swift */; };
		E3EAD68D2C59F2AB00CC1EC0 /* ProfileDataManager.swift in Sources */ = {isa = PBXBuildFile; fileRef = E3EAD68C2C59F2AB00CC1EC0 /* ProfileDataManager.swift */; };
		E3EAD68F2C59F82500CC1EC0 /* ProfileViewModelTests.swift in Sources */ = {isa = PBXBuildFile; fileRef = E3EAD68E2C59F82500CC1EC0 /* ProfileViewModelTests.swift */; };
		E3EAD6912C59FB1000CC1EC0 /* SearchDataManager.swift in Sources */ = {isa = PBXBuildFile; fileRef = E3EAD6902C59FB1000CC1EC0 /* SearchDataManager.swift */; };
		E3EAD6932C59FE7900CC1EC0 /* SearchViewModelTests.swift in Sources */ = {isa = PBXBuildFile; fileRef = E3EAD6922C59FE7900CC1EC0 /* SearchViewModelTests.swift */; };
		E3EAD6952C5A00B300CC1EC0 /* AccountDataManager.swift in Sources */ = {isa = PBXBuildFile; fileRef = E3EAD6942C5A00B300CC1EC0 /* AccountDataManager.swift */; };
		E3EAD6972C5A053E00CC1EC0 /* LoginDataManager.swift in Sources */ = {isa = PBXBuildFile; fileRef = E3EAD6962C5A053E00CC1EC0 /* LoginDataManager.swift */; };
		E3EAD6992C5A157E00CC1EC0 /* AccountViewModelTests.swift in Sources */ = {isa = PBXBuildFile; fileRef = E3EAD6982C5A157E00CC1EC0 /* AccountViewModelTests.swift */; };
		E3EAD69B2C5A172900CC1EC0 /* LoginViewModelTests.swift in Sources */ = {isa = PBXBuildFile; fileRef = E3EAD69A2C5A172900CC1EC0 /* LoginViewModelTests.swift */; };
/* End PBXBuildFile section */

/* Begin PBXContainerItemProxy section */
		E334A48A2C1B36AA0034523E /* PBXContainerItemProxy */ = {
			isa = PBXContainerItemProxy;
			containerPortal = E334A4712C1B36A80034523E /* Project object */;
			proxyType = 1;
			remoteGlobalIDString = E334A4782C1B36A80034523E;
			remoteInfo = Gift;
		};
		E334A4942C1B36AA0034523E /* PBXContainerItemProxy */ = {
			isa = PBXContainerItemProxy;
			containerPortal = E334A4712C1B36A80034523E /* Project object */;
			proxyType = 1;
			remoteGlobalIDString = E334A4782C1B36A80034523E;
			remoteInfo = Gift;
		};
/* End PBXContainerItemProxy section */

/* Begin PBXFileReference section */
		E334A4792C1B36A80034523E /* Gift.app */ = {isa = PBXFileReference; explicitFileType = wrapper.application; includeInIndex = 0; path = Gift.app; sourceTree = BUILT_PRODUCTS_DIR; };
		E334A47C2C1B36A80034523E /* GiftApp.swift */ = {isa = PBXFileReference; lastKnownFileType = sourcecode.swift; path = GiftApp.swift; sourceTree = "<group>"; };
		E334A47E2C1B36A80034523E /* ContentView.swift */ = {isa = PBXFileReference; lastKnownFileType = sourcecode.swift; path = ContentView.swift; sourceTree = "<group>"; };
		E334A4802C1B36A90034523E /* Assets.xcassets */ = {isa = PBXFileReference; lastKnownFileType = folder.assetcatalog; path = Assets.xcassets; sourceTree = "<group>"; };
		E334A4832C1B36A90034523E /* Preview Assets.xcassets */ = {isa = PBXFileReference; lastKnownFileType = folder.assetcatalog; path = "Preview Assets.xcassets"; sourceTree = "<group>"; };
		E334A4892C1B36AA0034523E /* GiftTests.xctest */ = {isa = PBXFileReference; explicitFileType = wrapper.cfbundle; includeInIndex = 0; path = GiftTests.xctest; sourceTree = BUILT_PRODUCTS_DIR; };
		E334A48D2C1B36AA0034523E /* GiftTests.swift */ = {isa = PBXFileReference; lastKnownFileType = sourcecode.swift; path = GiftTests.swift; sourceTree = "<group>"; };
		E334A4932C1B36AA0034523E /* GiftUITests.xctest */ = {isa = PBXFileReference; explicitFileType = wrapper.cfbundle; includeInIndex = 0; path = GiftUITests.xctest; sourceTree = BUILT_PRODUCTS_DIR; };
		E334A4972C1B36AA0034523E /* GiftUITests.swift */ = {isa = PBXFileReference; lastKnownFileType = sourcecode.swift; path = GiftUITests.swift; sourceTree = "<group>"; };
		E334A4992C1B36AA0034523E /* GiftUITestsLaunchTests.swift */ = {isa = PBXFileReference; lastKnownFileType = sourcecode.swift; path = GiftUITestsLaunchTests.swift; sourceTree = "<group>"; };
		E334A4A72C1B37240034523E /* LoginView.swift */ = {isa = PBXFileReference; lastKnownFileType = sourcecode.swift; path = LoginView.swift; sourceTree = "<group>"; };
		E334A4A92C1B37590034523E /* AccountCreateView.swift */ = {isa = PBXFileReference; lastKnownFileType = sourcecode.swift; path = AccountCreateView.swift; sourceTree = "<group>"; };
		E334A4AB2C1B37910034523E /* MainMenuView.swift */ = {isa = PBXFileReference; lastKnownFileType = sourcecode.swift; path = MainMenuView.swift; sourceTree = "<group>"; };
		E334A4EA2C1B412A0034523E /* GoogleService-Info.plist */ = {isa = PBXFileReference; fileEncoding = 4; lastKnownFileType = text.plist.xml; path = "GoogleService-Info.plist"; sourceTree = "<group>"; };
		E334A4EE2C1F3EEC0034523E /* CreateListView.swift */ = {isa = PBXFileReference; lastKnownFileType = sourcecode.swift; path = CreateListView.swift; sourceTree = "<group>"; };
		E334A4F22C2385680034523E /* SearchView.swift */ = {isa = PBXFileReference; lastKnownFileType = sourcecode.swift; path = SearchView.swift; sourceTree = "<group>"; };
		E334A4F72C25B2BF0034523E /* CreateGiftView.swift */ = {isa = PBXFileReference; lastKnownFileType = sourcecode.swift; path = CreateGiftView.swift; sourceTree = "<group>"; };
		E334A4F92C285F190034523E /* ProfileView.swift */ = {isa = PBXFileReference; lastKnownFileType = sourcecode.swift; path = ProfileView.swift; sourceTree = "<group>"; };
		E334A4FE2C28F3000034523E /* AccountViewModel.swift */ = {isa = PBXFileReference; lastKnownFileType = sourcecode.swift; path = AccountViewModel.swift; sourceTree = "<group>"; };
		E334A5002C2907550034523E /* GiftViewModel.swift */ = {isa = PBXFileReference; lastKnownFileType = sourcecode.swift; path = GiftViewModel.swift; sourceTree = "<group>"; };
		E334A5022C2911100034523E /* ListViewModel.swift */ = {isa = PBXFileReference; lastKnownFileType = sourcecode.swift; path = ListViewModel.swift; sourceTree = "<group>"; };
		E334A5072C2BA2540034523E /* DetailListView.swift */ = {isa = PBXFileReference; lastKnownFileType = sourcecode.swift; path = DetailListView.swift; sourceTree = "<group>"; };
		E334A5092C2C1E400034523E /* DetailGiftView.swift */ = {isa = PBXFileReference; lastKnownFileType = sourcecode.swift; path = DetailGiftView.swift; sourceTree = "<group>"; };
		E35F08B52C31B222001F4209 /* LoginViewModel.swift */ = {isa = PBXFileReference; lastKnownFileType = sourcecode.swift; path = LoginViewModel.swift; sourceTree = "<group>"; };
		E35F08B92C31B28E001F4209 /* SearchViewModel.swift */ = {isa = PBXFileReference; lastKnownFileType = sourcecode.swift; path = SearchViewModel.swift; sourceTree = "<group>"; };
		E35F08BB2C31B2D6001F4209 /* ProfileViewModel.swift */ = {isa = PBXFileReference; lastKnownFileType = sourcecode.swift; path = ProfileViewModel.swift; sourceTree = "<group>"; };
		E35F08BD2C31B2F1001F4209 /* DetailListViewModel.swift */ = {isa = PBXFileReference; lastKnownFileType = sourcecode.swift; path = DetailListViewModel.swift; sourceTree = "<group>"; };
		E35F08BF2C31B307001F4209 /* DetailGiftViewModel.swift */ = {isa = PBXFileReference; lastKnownFileType = sourcecode.swift; path = DetailGiftViewModel.swift; sourceTree = "<group>"; };
		E35F08C12C32AF66001F4209 /* Gift.xctestplan */ = {isa = PBXFileReference; lastKnownFileType = text; path = Gift.xctestplan; sourceTree = "<group>"; };
		E3EAD6632C42C98600CC1EC0 /* ActivityView.swift */ = {isa = PBXFileReference; lastKnownFileType = sourcecode.swift; path = ActivityView.swift; sourceTree = "<group>"; };
		E3EAD66D2C47DD9300CC1EC0 /* ProfileCodable.swift */ = {isa = PBXFileReference; lastKnownFileType = sourcecode.swift; path = ProfileCodable.swift; sourceTree = "<group>"; };
		E3EAD66F2C47EB6400CC1EC0 /* FirestoreManager.swift */ = {isa = PBXFileReference; lastKnownFileType = sourcecode.swift; path = FirestoreManager.swift; sourceTree = "<group>"; };
		E3EAD6712C4854EF00CC1EC0 /* GiftCodable.swift */ = {isa = PBXFileReference; lastKnownFileType = sourcecode.swift; path = GiftCodable.swift; sourceTree = "<group>"; };
		E3EAD6732C48550B00CC1EC0 /* ListGiftCodable.swift */ = {isa = PBXFileReference; lastKnownFileType = sourcecode.swift; path = ListGiftCodable.swift; sourceTree = "<group>"; };
		E3EAD6792C51C1D800CC1EC0 /* ListGiftDataManager.swift */ = {isa = PBXFileReference; lastKnownFileType = sourcecode.swift; path = ListGiftDataManager.swift; sourceTree = "<group>"; };
		E3EAD67C2C573DDD00CC1EC0 /* ListGiftError.swift */ = {isa = PBXFileReference; lastKnownFileType = sourcecode.swift; path = ListGiftError.swift; sourceTree = "<group>"; };
		E3EAD67E2C579FAC00CC1EC0 /* ListGiftViewModelTests.swift */ = {isa = PBXFileReference; lastKnownFileType = sourcecode.swift; path = ListGiftViewModelTests.swift; sourceTree = "<group>"; };
		E3EAD6822C59914900CC1EC0 /* DetailListViewModelTests.swift */ = {isa = PBXFileReference; lastKnownFileType = sourcecode.swift; path = DetailListViewModelTests.swift; sourceTree = "<group>"; };
		E3EAD6842C5996DC00CC1EC0 /* GiftDataManager.swift */ = {isa = PBXFileReference; lastKnownFileType = sourcecode.swift; path = GiftDataManager.swift; sourceTree = "<group>"; };
		E3EAD6862C5998A500CC1EC0 /* GiftError.swift */ = {isa = PBXFileReference; lastKnownFileType = sourcecode.swift; path = GiftError.swift; sourceTree = "<group>"; };
		E3EAD6882C599A3E00CC1EC0 /* GiftViewModelTests.swift */ = {isa = PBXFileReference; lastKnownFileType = sourcecode.swift; path = GiftViewModelTests.swift; sourceTree = "<group>"; };
		E3EAD68A2C59A29100CC1EC0 /* DetailGiftViewModelTests.swift */ = {isa = PBXFileReference; lastKnownFileType = sourcecode.swift; path = DetailGiftViewModelTests.swift; sourceTree = "<group>"; };
		E3EAD68C2C59F2AB00CC1EC0 /* ProfileDataManager.swift */ = {isa = PBXFileReference; lastKnownFileType = sourcecode.swift; path = ProfileDataManager.swift; sourceTree = "<group>"; };
		E3EAD68E2C59F82500CC1EC0 /* ProfileViewModelTests.swift */ = {isa = PBXFileReference; lastKnownFileType = sourcecode.swift; path = ProfileViewModelTests.swift; sourceTree = "<group>"; };
		E3EAD6902C59FB1000CC1EC0 /* SearchDataManager.swift */ = {isa = PBXFileReference; lastKnownFileType = sourcecode.swift; path = SearchDataManager.swift; sourceTree = "<group>"; };
		E3EAD6922C59FE7900CC1EC0 /* SearchViewModelTests.swift */ = {isa = PBXFileReference; lastKnownFileType = sourcecode.swift; path = SearchViewModelTests.swift; sourceTree = "<group>"; };
		E3EAD6942C5A00B300CC1EC0 /* AccountDataManager.swift */ = {isa = PBXFileReference; lastKnownFileType = sourcecode.swift; path = AccountDataManager.swift; sourceTree = "<group>"; };
		E3EAD6962C5A053E00CC1EC0 /* LoginDataManager.swift */ = {isa = PBXFileReference; lastKnownFileType = sourcecode.swift; path = LoginDataManager.swift; sourceTree = "<group>"; };
		E3EAD6982C5A157E00CC1EC0 /* AccountViewModelTests.swift */ = {isa = PBXFileReference; lastKnownFileType = sourcecode.swift; path = AccountViewModelTests.swift; sourceTree = "<group>"; };
		E3EAD69A2C5A172900CC1EC0 /* LoginViewModelTests.swift */ = {isa = PBXFileReference; lastKnownFileType = sourcecode.swift; path = LoginViewModelTests.swift; sourceTree = "<group>"; };
/* End PBXFileReference section */

/* Begin PBXFrameworksBuildPhase section */
		E334A4762C1B36A80034523E /* Frameworks */ = {
			isa = PBXFrameworksBuildPhase;
			buildActionMask = 2147483647;
			files = (
				E334A4C52C1B3DB60034523E /* FirebaseDatabase in Frameworks */,
				E334A4D32C1B3DB60034523E /* FirebaseFunctionsCombine-Community in Frameworks */,
				E334A4CB2C1B3DB60034523E /* FirebaseFirestore in Frameworks */,
				E334A4B72C1B3DB60034523E /* FirebaseAnalyticsSwift in Frameworks */,
				E334A4B32C1B3DB60034523E /* FirebaseAnalytics in Frameworks */,
				E334A4B52C1B3DB60034523E /* FirebaseAnalyticsOnDeviceConversion in Frameworks */,
				E334A4DB2C1B3DB60034523E /* FirebaseMLModelDownloader in Frameworks */,
				E334A4CF2C1B3DB60034523E /* FirebaseFirestoreSwift in Frameworks */,
				E334A4BB2C1B3DB60034523E /* FirebaseAppCheck in Frameworks */,
				E334A4B92C1B3DB60034523E /* FirebaseAnalyticsWithoutAdIdSupport in Frameworks */,
				E334A4BF2C1B3DB60034523E /* FirebaseAuth in Frameworks */,
				E334A4C32C1B3DB60034523E /* FirebaseCrashlytics in Frameworks */,
				E334A4E32C1B3DB60034523E /* FirebaseRemoteConfigSwift in Frameworks */,
				E334A4D52C1B3DB60034523E /* FirebaseInAppMessaging-Beta in Frameworks */,
				E334A4C72C1B3DB60034523E /* FirebaseDatabaseSwift in Frameworks */,
				E334A4D12C1B3DB60034523E /* FirebaseFunctions in Frameworks */,
				E334A4E72C1B3DB60034523E /* FirebaseStorageCombine-Community in Frameworks */,
				E334A4E12C1B3DB60034523E /* FirebaseRemoteConfig in Frameworks */,
				E334A4BD2C1B3DB60034523E /* FirebaseAppDistribution-Beta in Frameworks */,
				E334A4C12C1B3DB60034523E /* FirebaseAuthCombine-Community in Frameworks */,
				E334A4DF2C1B3DB60034523E /* FirebasePerformance in Frameworks */,
				E334A4D72C1B3DB60034523E /* FirebaseInAppMessagingSwift-Beta in Frameworks */,
				E334A4E52C1B3DB60034523E /* FirebaseStorage in Frameworks */,
				E334A4C92C1B3DB60034523E /* FirebaseDynamicLinks in Frameworks */,
				E334A4E92C1B3DB60034523E /* FirebaseVertexAI-Preview in Frameworks */,
				E334A4CD2C1B3DB60034523E /* FirebaseFirestoreCombine-Community in Frameworks */,
				E334A4DD2C1B3DB60034523E /* FirebaseMessaging in Frameworks */,
				E334A4D92C1B3DB60034523E /* FirebaseInstallations in Frameworks */,
			);
			runOnlyForDeploymentPostprocessing = 0;
		};
		E334A4862C1B36AA0034523E /* Frameworks */ = {
			isa = PBXFrameworksBuildPhase;
			buildActionMask = 2147483647;
			files = (
			);
			runOnlyForDeploymentPostprocessing = 0;
		};
		E334A4902C1B36AA0034523E /* Frameworks */ = {
			isa = PBXFrameworksBuildPhase;
			buildActionMask = 2147483647;
			files = (
			);
			runOnlyForDeploymentPostprocessing = 0;
		};
/* End PBXFrameworksBuildPhase section */

/* Begin PBXGroup section */
		E334A4702C1B36A80034523E = {
			isa = PBXGroup;
			children = (
				E35F08C12C32AF66001F4209 /* Gift.xctestplan */,
				E334A4EA2C1B412A0034523E /* GoogleService-Info.plist */,
				E334A47B2C1B36A80034523E /* Gift */,
				E334A48C2C1B36AA0034523E /* GiftTests */,
				E334A4962C1B36AA0034523E /* GiftUITests */,
				E334A47A2C1B36A80034523E /* Products */,
			);
			sourceTree = "<group>";
		};
		E334A47A2C1B36A80034523E /* Products */ = {
			isa = PBXGroup;
			children = (
				E334A4792C1B36A80034523E /* Gift.app */,
				E334A4892C1B36AA0034523E /* GiftTests.xctest */,
				E334A4932C1B36AA0034523E /* GiftUITests.xctest */,
			);
			name = Products;
			sourceTree = "<group>";
		};
		E334A47B2C1B36A80034523E /* Gift */ = {
			isa = PBXGroup;
			children = (
				E3EAD67B2C573DC900CC1EC0 /* Error */,
				E3EAD66A2C47DD2400CC1EC0 /* Model */,
				E3EAD6652C451E3100CC1EC0 /* Manager */,
				E334A4F42C2387550034523E /* Component */,
				E334A4A62C1B370F0034523E /* View */,
				E334A4FB2C289E540034523E /* ViewModel */,
				E334A47C2C1B36A80034523E /* GiftApp.swift */,
				E334A47E2C1B36A80034523E /* ContentView.swift */,
				E334A4802C1B36A90034523E /* Assets.xcassets */,
				E334A4822C1B36A90034523E /* Preview Content */,
			);
			path = Gift;
			sourceTree = "<group>";
		};
		E334A4822C1B36A90034523E /* Preview Content */ = {
			isa = PBXGroup;
			children = (
				E334A4832C1B36A90034523E /* Preview Assets.xcassets */,
			);
			path = "Preview Content";
			sourceTree = "<group>";
		};
		E334A48C2C1B36AA0034523E /* GiftTests */ = {
			isa = PBXGroup;
			children = (
				E334A48D2C1B36AA0034523E /* GiftTests.swift */,
				E3EAD67E2C579FAC00CC1EC0 /* ListGiftViewModelTests.swift */,
				E3EAD6822C59914900CC1EC0 /* DetailListViewModelTests.swift */,
				E3EAD6882C599A3E00CC1EC0 /* GiftViewModelTests.swift */,
				E3EAD68A2C59A29100CC1EC0 /* DetailGiftViewModelTests.swift */,
				E3EAD68E2C59F82500CC1EC0 /* ProfileViewModelTests.swift */,
				E3EAD6922C59FE7900CC1EC0 /* SearchViewModelTests.swift */,
				E3EAD6982C5A157E00CC1EC0 /* AccountViewModelTests.swift */,
				E3EAD69A2C5A172900CC1EC0 /* LoginViewModelTests.swift */,
			);
			path = GiftTests;
			sourceTree = "<group>";
		};
		E334A4962C1B36AA0034523E /* GiftUITests */ = {
			isa = PBXGroup;
			children = (
				E334A4972C1B36AA0034523E /* GiftUITests.swift */,
				E334A4992C1B36AA0034523E /* GiftUITestsLaunchTests.swift */,
			);
			path = GiftUITests;
			sourceTree = "<group>";
		};
		E334A4A62C1B370F0034523E /* View */ = {
			isa = PBXGroup;
			children = (
				E334A4A72C1B37240034523E /* LoginView.swift */,
				E334A4A92C1B37590034523E /* AccountCreateView.swift */,
				E334A4AB2C1B37910034523E /* MainMenuView.swift */,
				E334A4F22C2385680034523E /* SearchView.swift */,
				E334A4F92C285F190034523E /* ProfileView.swift */,
				E334A4EE2C1F3EEC0034523E /* CreateListView.swift */,
				E334A5072C2BA2540034523E /* DetailListView.swift */,
				E334A4F72C25B2BF0034523E /* CreateGiftView.swift */,
				E334A5092C2C1E400034523E /* DetailGiftView.swift */,
			);
			path = View;
			sourceTree = "<group>";
		};
		E334A4F42C2387550034523E /* Component */ = {
			isa = PBXGroup;
			children = (
				E3EAD6632C42C98600CC1EC0 /* ActivityView.swift */,
			);
			path = Component;
			sourceTree = "<group>";
		};
		E334A4FB2C289E540034523E /* ViewModel */ = {
			isa = PBXGroup;
			children = (
				E35F08B52C31B222001F4209 /* LoginViewModel.swift */,
				E334A4FE2C28F3000034523E /* AccountViewModel.swift */,
				E35F08B92C31B28E001F4209 /* SearchViewModel.swift */,
				E35F08BB2C31B2D6001F4209 /* ProfileViewModel.swift */,
				E334A5022C2911100034523E /* ListViewModel.swift */,
				E334A5002C2907550034523E /* GiftViewModel.swift */,
				E35F08BD2C31B2F1001F4209 /* DetailListViewModel.swift */,
				E35F08BF2C31B307001F4209 /* DetailGiftViewModel.swift */,
			);
			path = ViewModel;
			sourceTree = "<group>";
		};
		E3EAD6652C451E3100CC1EC0 /* Manager */ = {
			isa = PBXGroup;
			children = (
				E3EAD66F2C47EB6400CC1EC0 /* FirestoreManager.swift */,
				E3EAD6792C51C1D800CC1EC0 /* ListGiftDataManager.swift */,
				E3EAD6842C5996DC00CC1EC0 /* GiftDataManager.swift */,
				E3EAD68C2C59F2AB00CC1EC0 /* ProfileDataManager.swift */,
				E3EAD6902C59FB1000CC1EC0 /* SearchDataManager.swift */,
				E3EAD6942C5A00B300CC1EC0 /* AccountDataManager.swift */,
				E3EAD6962C5A053E00CC1EC0 /* LoginDataManager.swift */,
			);
			path = Manager;
			sourceTree = "<group>";
		};
		E3EAD66A2C47DD2400CC1EC0 /* Model */ = {
			isa = PBXGroup;
			children = (
				E3EAD66C2C47DD7A00CC1EC0 /* Codable */,
			);
			path = Model;
			sourceTree = "<group>";
		};
		E3EAD66C2C47DD7A00CC1EC0 /* Codable */ = {
			isa = PBXGroup;
			children = (
				E3EAD66D2C47DD9300CC1EC0 /* ProfileCodable.swift */,
				E3EAD6732C48550B00CC1EC0 /* ListGiftCodable.swift */,
				E3EAD6712C4854EF00CC1EC0 /* GiftCodable.swift */,
			);
			path = Codable;
			sourceTree = "<group>";
		};
		E3EAD67B2C573DC900CC1EC0 /* Error */ = {
			isa = PBXGroup;
			children = (
				E3EAD67C2C573DDD00CC1EC0 /* ListGiftError.swift */,
				E3EAD6862C5998A500CC1EC0 /* GiftError.swift */,
			);
			path = Error;
			sourceTree = "<group>";
		};
/* End PBXGroup section */

/* Begin PBXNativeTarget section */
		E334A4782C1B36A80034523E /* Gift */ = {
			isa = PBXNativeTarget;
			buildConfigurationList = E334A49D2C1B36AA0034523E /* Build configuration list for PBXNativeTarget "Gift" */;
			buildPhases = (
				E334A4752C1B36A80034523E /* Sources */,
				E334A4762C1B36A80034523E /* Frameworks */,
				E334A4772C1B36A80034523E /* Resources */,
				E334A5042C2B08200034523E /* ShellScript */,
			);
			buildRules = (
			);
			dependencies = (
			);
			name = Gift;
			packageProductDependencies = (
				E334A4B22C1B3DB60034523E /* FirebaseAnalytics */,
				E334A4B42C1B3DB60034523E /* FirebaseAnalyticsOnDeviceConversion */,
				E334A4B62C1B3DB60034523E /* FirebaseAnalyticsSwift */,
				E334A4B82C1B3DB60034523E /* FirebaseAnalyticsWithoutAdIdSupport */,
				E334A4BA2C1B3DB60034523E /* FirebaseAppCheck */,
				E334A4BC2C1B3DB60034523E /* FirebaseAppDistribution-Beta */,
				E334A4BE2C1B3DB60034523E /* FirebaseAuth */,
				E334A4C02C1B3DB60034523E /* FirebaseAuthCombine-Community */,
				E334A4C22C1B3DB60034523E /* FirebaseCrashlytics */,
				E334A4C42C1B3DB60034523E /* FirebaseDatabase */,
				E334A4C62C1B3DB60034523E /* FirebaseDatabaseSwift */,
				E334A4C82C1B3DB60034523E /* FirebaseDynamicLinks */,
				E334A4CA2C1B3DB60034523E /* FirebaseFirestore */,
				E334A4CC2C1B3DB60034523E /* FirebaseFirestoreCombine-Community */,
				E334A4CE2C1B3DB60034523E /* FirebaseFirestoreSwift */,
				E334A4D02C1B3DB60034523E /* FirebaseFunctions */,
				E334A4D22C1B3DB60034523E /* FirebaseFunctionsCombine-Community */,
				E334A4D42C1B3DB60034523E /* FirebaseInAppMessaging-Beta */,
				E334A4D62C1B3DB60034523E /* FirebaseInAppMessagingSwift-Beta */,
				E334A4D82C1B3DB60034523E /* FirebaseInstallations */,
				E334A4DA2C1B3DB60034523E /* FirebaseMLModelDownloader */,
				E334A4DC2C1B3DB60034523E /* FirebaseMessaging */,
				E334A4DE2C1B3DB60034523E /* FirebasePerformance */,
				E334A4E02C1B3DB60034523E /* FirebaseRemoteConfig */,
				E334A4E22C1B3DB60034523E /* FirebaseRemoteConfigSwift */,
				E334A4E42C1B3DB60034523E /* FirebaseStorage */,
				E334A4E62C1B3DB60034523E /* FirebaseStorageCombine-Community */,
				E334A4E82C1B3DB60034523E /* FirebaseVertexAI-Preview */,
			);
			productName = Gift;
			productReference = E334A4792C1B36A80034523E /* Gift.app */;
			productType = "com.apple.product-type.application";
		};
		E334A4882C1B36AA0034523E /* GiftTests */ = {
			isa = PBXNativeTarget;
			buildConfigurationList = E334A4A02C1B36AA0034523E /* Build configuration list for PBXNativeTarget "GiftTests" */;
			buildPhases = (
				E334A4852C1B36AA0034523E /* Sources */,
				E334A4862C1B36AA0034523E /* Frameworks */,
				E334A4872C1B36AA0034523E /* Resources */,
			);
			buildRules = (
			);
			dependencies = (
				E334A48B2C1B36AA0034523E /* PBXTargetDependency */,
			);
			name = GiftTests;
			productName = GiftTests;
			productReference = E334A4892C1B36AA0034523E /* GiftTests.xctest */;
			productType = "com.apple.product-type.bundle.unit-test";
		};
		E334A4922C1B36AA0034523E /* GiftUITests */ = {
			isa = PBXNativeTarget;
			buildConfigurationList = E334A4A32C1B36AA0034523E /* Build configuration list for PBXNativeTarget "GiftUITests" */;
			buildPhases = (
				E334A48F2C1B36AA0034523E /* Sources */,
				E334A4902C1B36AA0034523E /* Frameworks */,
				E334A4912C1B36AA0034523E /* Resources */,
			);
			buildRules = (
			);
			dependencies = (
				E334A4952C1B36AA0034523E /* PBXTargetDependency */,
			);
			name = GiftUITests;
			productName = GiftUITests;
			productReference = E334A4932C1B36AA0034523E /* GiftUITests.xctest */;
			productType = "com.apple.product-type.bundle.ui-testing";
		};
/* End PBXNativeTarget section */

/* Begin PBXProject section */
		E334A4712C1B36A80034523E /* Project object */ = {
			isa = PBXProject;
			attributes = {
				BuildIndependentTargetsInParallel = 1;
				LastSwiftUpdateCheck = 1530;
				LastUpgradeCheck = 1530;
				TargetAttributes = {
					E334A4782C1B36A80034523E = {
						CreatedOnToolsVersion = 15.3;
					};
					E334A4882C1B36AA0034523E = {
						CreatedOnToolsVersion = 15.3;
						TestTargetID = E334A4782C1B36A80034523E;
					};
					E334A4922C1B36AA0034523E = {
						CreatedOnToolsVersion = 15.3;
						TestTargetID = E334A4782C1B36A80034523E;
					};
				};
			};
			buildConfigurationList = E334A4742C1B36A80034523E /* Build configuration list for PBXProject "Gift" */;
			compatibilityVersion = "Xcode 14.0";
			developmentRegion = en;
			hasScannedForEncodings = 0;
			knownRegions = (
				en,
				Base,
			);
			mainGroup = E334A4702C1B36A80034523E;
			packageReferences = (
				E334A4B12C1B3DB60034523E /* XCRemoteSwiftPackageReference "firebase-ios-sdk" */,
			);
			productRefGroup = E334A47A2C1B36A80034523E /* Products */;
			projectDirPath = "";
			projectRoot = "";
			targets = (
				E334A4782C1B36A80034523E /* Gift */,
				E334A4882C1B36AA0034523E /* GiftTests */,
				E334A4922C1B36AA0034523E /* GiftUITests */,
			);
		};
/* End PBXProject section */

/* Begin PBXResourcesBuildPhase section */
		E334A4772C1B36A80034523E /* Resources */ = {
			isa = PBXResourcesBuildPhase;
			buildActionMask = 2147483647;
			files = (
				E334A4842C1B36A90034523E /* Preview Assets.xcassets in Resources */,
				E334A4EB2C1B412A0034523E /* GoogleService-Info.plist in Resources */,
				E334A4812C1B36A90034523E /* Assets.xcassets in Resources */,
			);
			runOnlyForDeploymentPostprocessing = 0;
		};
		E334A4872C1B36AA0034523E /* Resources */ = {
			isa = PBXResourcesBuildPhase;
			buildActionMask = 2147483647;
			files = (
			);
			runOnlyForDeploymentPostprocessing = 0;
		};
		E334A4912C1B36AA0034523E /* Resources */ = {
			isa = PBXResourcesBuildPhase;
			buildActionMask = 2147483647;
			files = (
			);
			runOnlyForDeploymentPostprocessing = 0;
		};
/* End PBXResourcesBuildPhase section */

/* Begin PBXShellScriptBuildPhase section */
		E334A5042C2B08200034523E /* ShellScript */ = {
			isa = PBXShellScriptBuildPhase;
			buildActionMask = 2147483647;
			files = (
			);
			inputFileListPaths = (
			);
			inputPaths = (
				"${DWARF_DSYM_FOLDER_PATH}/${DWARF_DSYM_FILE_NAME}",
				"${DWARF_DSYM_FOLDER_PATH}/${DWARF_DSYM_FILE_NAME}/Contents/Resources/DWARF/${PRODUCT_NAME}",
				"${DWARF_DSYM_FOLDER_PATH}/${DWARF_DSYM_FILE_NAME}/Contents/Info.plist",
				"$(TARGET_BUILD_DIR)/$(UNLOCALIZED_RESOURCES_FOLDER_PATH)/GoogleService-Info.plist",
				"$(TARGET_BUILD_DIR)/$(EXECUTABLE_PATH)",
			);
			outputFileListPaths = (
			);
			outputPaths = (
			);
			runOnlyForDeploymentPostprocessing = 0;
			shellPath = /bin/sh;
			shellScript = "\"${BUILD_DIR%/Build/*}/SourcePackages/checkouts/firebase-ios-sdk/Crashlytics/run\"\n";
		};
/* End PBXShellScriptBuildPhase section */

/* Begin PBXSourcesBuildPhase section */
		E334A4752C1B36A80034523E /* Sources */ = {
			isa = PBXSourcesBuildPhase;
			buildActionMask = 2147483647;
			files = (
				E35F08BA2C31B28E001F4209 /* SearchViewModel.swift in Sources */,
				E3EAD6912C59FB1000CC1EC0 /* SearchDataManager.swift in Sources */,
				E35F08C02C31B307001F4209 /* DetailGiftViewModel.swift in Sources */,
				E334A4AC2C1B37910034523E /* MainMenuView.swift in Sources */,
				E3EAD6742C48550B00CC1EC0 /* ListGiftCodable.swift in Sources */,
				E334A4A82C1B37240034523E /* LoginView.swift in Sources */,
				E334A47F2C1B36A80034523E /* ContentView.swift in Sources */,
				E3EAD66E2C47DD9300CC1EC0 /* ProfileCodable.swift in Sources */,
				E334A50A2C2C1E400034523E /* DetailGiftView.swift in Sources */,
				E334A4F82C25B2BF0034523E /* CreateGiftView.swift in Sources */,
				E334A5012C2907550034523E /* GiftViewModel.swift in Sources */,
				E35F08B62C31B222001F4209 /* LoginViewModel.swift in Sources */,
				E334A5032C2911100034523E /* ListViewModel.swift in Sources */,
				E334A4FA2C285F1A0034523E /* ProfileView.swift in Sources */,
				E3EAD6702C47EB6400CC1EC0 /* FirestoreManager.swift in Sources */,
				E334A5082C2BA2540034523E /* DetailListView.swift in Sources */,
				E334A4EF2C1F3EEC0034523E /* CreateListView.swift in Sources */,
				E3EAD68D2C59F2AB00CC1EC0 /* ProfileDataManager.swift in Sources */,
				E3EAD6722C4854EF00CC1EC0 /* GiftCodable.swift in Sources */,
				E3EAD6852C5996DC00CC1EC0 /* GiftDataManager.swift in Sources */,
				E3EAD6952C5A00B300CC1EC0 /* AccountDataManager.swift in Sources */,
				E3EAD6972C5A053E00CC1EC0 /* LoginDataManager.swift in Sources */,
				E35F08BC2C31B2D6001F4209 /* ProfileViewModel.swift in Sources */,
				E334A4FF2C28F3000034523E /* AccountViewModel.swift in Sources */,
				E3EAD6642C42C98600CC1EC0 /* ActivityView.swift in Sources */,
				E3EAD67D2C573DDD00CC1EC0 /* ListGiftError.swift in Sources */,
				E334A4AA2C1B37590034523E /* AccountCreateView.swift in Sources */,
				E3EAD67A2C51C1D800CC1EC0 /* ListGiftDataManager.swift in Sources */,
				E334A47D2C1B36A80034523E /* GiftApp.swift in Sources */,
				E334A4F32C2385680034523E /* SearchView.swift in Sources */,
				E3EAD6872C5998A500CC1EC0 /* GiftError.swift in Sources */,
				E35F08BE2C31B2F1001F4209 /* DetailListViewModel.swift in Sources */,
			);
			runOnlyForDeploymentPostprocessing = 0;
		};
		E334A4852C1B36AA0034523E /* Sources */ = {
			isa = PBXSourcesBuildPhase;
			buildActionMask = 2147483647;
			files = (
				E3EAD67F2C579FAC00CC1EC0 /* ListGiftViewModelTests.swift in Sources */,
				E334A48E2C1B36AA0034523E /* GiftTests.swift in Sources */,
				E3EAD6932C59FE7900CC1EC0 /* SearchViewModelTests.swift in Sources */,
				E3EAD69B2C5A172900CC1EC0 /* LoginViewModelTests.swift in Sources */,
				E3EAD68B2C59A29100CC1EC0 /* DetailGiftViewModelTests.swift in Sources */,
				E3EAD68F2C59F82500CC1EC0 /* ProfileViewModelTests.swift in Sources */,
				E3EAD6992C5A157E00CC1EC0 /* AccountViewModelTests.swift in Sources */,
				E3EAD6892C599A3E00CC1EC0 /* GiftViewModelTests.swift in Sources */,
				E3EAD6832C59914900CC1EC0 /* DetailListViewModelTests.swift in Sources */,
			);
			runOnlyForDeploymentPostprocessing = 0;
		};
		E334A48F2C1B36AA0034523E /* Sources */ = {
			isa = PBXSourcesBuildPhase;
			buildActionMask = 2147483647;
			files = (
				E334A49A2C1B36AA0034523E /* GiftUITestsLaunchTests.swift in Sources */,
				E334A4982C1B36AA0034523E /* GiftUITests.swift in Sources */,
			);
			runOnlyForDeploymentPostprocessing = 0;
		};
/* End PBXSourcesBuildPhase section */

/* Begin PBXTargetDependency section */
		E334A48B2C1B36AA0034523E /* PBXTargetDependency */ = {
			isa = PBXTargetDependency;
			target = E334A4782C1B36A80034523E /* Gift */;
			targetProxy = E334A48A2C1B36AA0034523E /* PBXContainerItemProxy */;
		};
		E334A4952C1B36AA0034523E /* PBXTargetDependency */ = {
			isa = PBXTargetDependency;
			target = E334A4782C1B36A80034523E /* Gift */;
			targetProxy = E334A4942C1B36AA0034523E /* PBXContainerItemProxy */;
		};
/* End PBXTargetDependency section */

/* Begin XCBuildConfiguration section */
		E334A49B2C1B36AA0034523E /* Debug */ = {
			isa = XCBuildConfiguration;
			buildSettings = {
				ALWAYS_SEARCH_USER_PATHS = NO;
				ASSETCATALOG_COMPILER_GENERATE_SWIFT_ASSET_SYMBOL_EXTENSIONS = YES;
				CLANG_ANALYZER_NONNULL = YES;
				CLANG_ANALYZER_NUMBER_OBJECT_CONVERSION = YES_AGGRESSIVE;
				CLANG_CXX_LANGUAGE_STANDARD = "gnu++20";
				CLANG_ENABLE_MODULES = YES;
				CLANG_ENABLE_OBJC_ARC = YES;
				CLANG_ENABLE_OBJC_WEAK = YES;
				CLANG_WARN_BLOCK_CAPTURE_AUTORELEASING = YES;
				CLANG_WARN_BOOL_CONVERSION = YES;
				CLANG_WARN_COMMA = YES;
				CLANG_WARN_CONSTANT_CONVERSION = YES;
				CLANG_WARN_DEPRECATED_OBJC_IMPLEMENTATIONS = YES;
				CLANG_WARN_DIRECT_OBJC_ISA_USAGE = YES_ERROR;
				CLANG_WARN_DOCUMENTATION_COMMENTS = YES;
				CLANG_WARN_EMPTY_BODY = YES;
				CLANG_WARN_ENUM_CONVERSION = YES;
				CLANG_WARN_INFINITE_RECURSION = YES;
				CLANG_WARN_INT_CONVERSION = YES;
				CLANG_WARN_NON_LITERAL_NULL_CONVERSION = YES;
				CLANG_WARN_OBJC_IMPLICIT_RETAIN_SELF = YES;
				CLANG_WARN_OBJC_LITERAL_CONVERSION = YES;
				CLANG_WARN_OBJC_ROOT_CLASS = YES_ERROR;
				CLANG_WARN_QUOTED_INCLUDE_IN_FRAMEWORK_HEADER = YES;
				CLANG_WARN_RANGE_LOOP_ANALYSIS = YES;
				CLANG_WARN_STRICT_PROTOTYPES = YES;
				CLANG_WARN_SUSPICIOUS_MOVE = YES;
				CLANG_WARN_UNGUARDED_AVAILABILITY = YES_AGGRESSIVE;
				CLANG_WARN_UNREACHABLE_CODE = YES;
				CLANG_WARN__DUPLICATE_METHOD_MATCH = YES;
				COPY_PHASE_STRIP = NO;
				DEBUG_INFORMATION_FORMAT = dwarf;
				ENABLE_STRICT_OBJC_MSGSEND = YES;
				ENABLE_TESTABILITY = YES;
				ENABLE_USER_SCRIPT_SANDBOXING = YES;
				GCC_C_LANGUAGE_STANDARD = gnu17;
				GCC_DYNAMIC_NO_PIC = NO;
				GCC_NO_COMMON_BLOCKS = YES;
				GCC_OPTIMIZATION_LEVEL = 0;
				GCC_PREPROCESSOR_DEFINITIONS = (
					"DEBUG=1",
					"$(inherited)",
				);
				GCC_WARN_64_TO_32_BIT_CONVERSION = YES;
				GCC_WARN_ABOUT_RETURN_TYPE = YES_ERROR;
				GCC_WARN_UNDECLARED_SELECTOR = YES;
				GCC_WARN_UNINITIALIZED_AUTOS = YES_AGGRESSIVE;
				GCC_WARN_UNUSED_FUNCTION = YES;
				GCC_WARN_UNUSED_VARIABLE = YES;
				IPHONEOS_DEPLOYMENT_TARGET = 17.4;
				LOCALIZATION_PREFERS_STRING_CATALOGS = YES;
				MTL_ENABLE_DEBUG_INFO = INCLUDE_SOURCE;
				MTL_FAST_MATH = YES;
				ONLY_ACTIVE_ARCH = YES;
				SDKROOT = iphoneos;
				SWIFT_ACTIVE_COMPILATION_CONDITIONS = "DEBUG $(inherited)";
				SWIFT_OPTIMIZATION_LEVEL = "-Onone";
			};
			name = Debug;
		};
		E334A49C2C1B36AA0034523E /* Release */ = {
			isa = XCBuildConfiguration;
			buildSettings = {
				ALWAYS_SEARCH_USER_PATHS = NO;
				ASSETCATALOG_COMPILER_GENERATE_SWIFT_ASSET_SYMBOL_EXTENSIONS = YES;
				CLANG_ANALYZER_NONNULL = YES;
				CLANG_ANALYZER_NUMBER_OBJECT_CONVERSION = YES_AGGRESSIVE;
				CLANG_CXX_LANGUAGE_STANDARD = "gnu++20";
				CLANG_ENABLE_MODULES = YES;
				CLANG_ENABLE_OBJC_ARC = YES;
				CLANG_ENABLE_OBJC_WEAK = YES;
				CLANG_WARN_BLOCK_CAPTURE_AUTORELEASING = YES;
				CLANG_WARN_BOOL_CONVERSION = YES;
				CLANG_WARN_COMMA = YES;
				CLANG_WARN_CONSTANT_CONVERSION = YES;
				CLANG_WARN_DEPRECATED_OBJC_IMPLEMENTATIONS = YES;
				CLANG_WARN_DIRECT_OBJC_ISA_USAGE = YES_ERROR;
				CLANG_WARN_DOCUMENTATION_COMMENTS = YES;
				CLANG_WARN_EMPTY_BODY = YES;
				CLANG_WARN_ENUM_CONVERSION = YES;
				CLANG_WARN_INFINITE_RECURSION = YES;
				CLANG_WARN_INT_CONVERSION = YES;
				CLANG_WARN_NON_LITERAL_NULL_CONVERSION = YES;
				CLANG_WARN_OBJC_IMPLICIT_RETAIN_SELF = YES;
				CLANG_WARN_OBJC_LITERAL_CONVERSION = YES;
				CLANG_WARN_OBJC_ROOT_CLASS = YES_ERROR;
				CLANG_WARN_QUOTED_INCLUDE_IN_FRAMEWORK_HEADER = YES;
				CLANG_WARN_RANGE_LOOP_ANALYSIS = YES;
				CLANG_WARN_STRICT_PROTOTYPES = YES;
				CLANG_WARN_SUSPICIOUS_MOVE = YES;
				CLANG_WARN_UNGUARDED_AVAILABILITY = YES_AGGRESSIVE;
				CLANG_WARN_UNREACHABLE_CODE = YES;
				CLANG_WARN__DUPLICATE_METHOD_MATCH = YES;
				COPY_PHASE_STRIP = NO;
				DEBUG_INFORMATION_FORMAT = "dwarf-with-dsym";
				ENABLE_NS_ASSERTIONS = NO;
				ENABLE_STRICT_OBJC_MSGSEND = YES;
				ENABLE_USER_SCRIPT_SANDBOXING = YES;
				GCC_C_LANGUAGE_STANDARD = gnu17;
				GCC_NO_COMMON_BLOCKS = YES;
				GCC_WARN_64_TO_32_BIT_CONVERSION = YES;
				GCC_WARN_ABOUT_RETURN_TYPE = YES_ERROR;
				GCC_WARN_UNDECLARED_SELECTOR = YES;
				GCC_WARN_UNINITIALIZED_AUTOS = YES_AGGRESSIVE;
				GCC_WARN_UNUSED_FUNCTION = YES;
				GCC_WARN_UNUSED_VARIABLE = YES;
				IPHONEOS_DEPLOYMENT_TARGET = 17.4;
				LOCALIZATION_PREFERS_STRING_CATALOGS = YES;
				MTL_ENABLE_DEBUG_INFO = NO;
				MTL_FAST_MATH = YES;
				SDKROOT = iphoneos;
				SWIFT_COMPILATION_MODE = wholemodule;
				VALIDATE_PRODUCT = YES;
			};
			name = Release;
		};
		E334A49E2C1B36AA0034523E /* Debug */ = {
			isa = XCBuildConfiguration;
			buildSettings = {
				ASSETCATALOG_COMPILER_APPICON_NAME = AppIcon;
				ASSETCATALOG_COMPILER_GLOBAL_ACCENT_COLOR_NAME = AccentColor;
				CODE_SIGN_STYLE = Automatic;
				CURRENT_PROJECT_VERSION = 1;
				DEBUG_INFORMATION_FORMAT = "dwarf-with-dsym";
				DEVELOPMENT_ASSET_PATHS = "\"Gift/Preview Content\"";
				DEVELOPMENT_TEAM = YG2T83YT8G;
				ENABLE_PREVIEWS = YES;
				GENERATE_INFOPLIST_FILE = YES;
				INFOPLIST_KEY_UIApplicationSceneManifest_Generation = YES;
				INFOPLIST_KEY_UIApplicationSupportsIndirectInputEvents = YES;
				INFOPLIST_KEY_UILaunchScreen_Generation = YES;
				INFOPLIST_KEY_UISupportedInterfaceOrientations_iPad = "UIInterfaceOrientationPortrait UIInterfaceOrientationPortraitUpsideDown UIInterfaceOrientationLandscapeLeft UIInterfaceOrientationLandscapeRight";
				INFOPLIST_KEY_UISupportedInterfaceOrientations_iPhone = "UIInterfaceOrientationPortrait UIInterfaceOrientationLandscapeLeft UIInterfaceOrientationLandscapeRight";
				LD_RUNPATH_SEARCH_PATHS = (
					"$(inherited)",
					"@executable_path/Frameworks",
				);
				MARKETING_VERSION = 1.0;
				"OTHER_LDFLAGS[arch=*]" = "-ObjC";
				PRODUCT_BUNDLE_IDENTIFIER = "dylan-marteau-connect-tech.sncf.Gift";
				PRODUCT_NAME = "$(TARGET_NAME)";
				SWIFT_EMIT_LOC_STRINGS = YES;
				SWIFT_VERSION = 5.0;
				TARGETED_DEVICE_FAMILY = "1,2";
			};
			name = Debug;
		};
		E334A49F2C1B36AA0034523E /* Release */ = {
			isa = XCBuildConfiguration;
			buildSettings = {
				ASSETCATALOG_COMPILER_APPICON_NAME = AppIcon;
				ASSETCATALOG_COMPILER_GLOBAL_ACCENT_COLOR_NAME = AccentColor;
				CODE_SIGN_STYLE = Automatic;
				CURRENT_PROJECT_VERSION = 1;
				DEVELOPMENT_ASSET_PATHS = "\"Gift/Preview Content\"";
				DEVELOPMENT_TEAM = YG2T83YT8G;
				ENABLE_PREVIEWS = YES;
				GENERATE_INFOPLIST_FILE = YES;
				INFOPLIST_KEY_UIApplicationSceneManifest_Generation = YES;
				INFOPLIST_KEY_UIApplicationSupportsIndirectInputEvents = YES;
				INFOPLIST_KEY_UILaunchScreen_Generation = YES;
				INFOPLIST_KEY_UISupportedInterfaceOrientations_iPad = "UIInterfaceOrientationPortrait UIInterfaceOrientationPortraitUpsideDown UIInterfaceOrientationLandscapeLeft UIInterfaceOrientationLandscapeRight";
				INFOPLIST_KEY_UISupportedInterfaceOrientations_iPhone = "UIInterfaceOrientationPortrait UIInterfaceOrientationLandscapeLeft UIInterfaceOrientationLandscapeRight";
				LD_RUNPATH_SEARCH_PATHS = (
					"$(inherited)",
					"@executable_path/Frameworks",
				);
				MARKETING_VERSION = 1.0;
				"OTHER_LDFLAGS[arch=*]" = "-ObjC";
				PRODUCT_BUNDLE_IDENTIFIER = "dylan-marteau-connect-tech.sncf.Gift";
				PRODUCT_NAME = "$(TARGET_NAME)";
				SWIFT_EMIT_LOC_STRINGS = YES;
				SWIFT_VERSION = 5.0;
				TARGETED_DEVICE_FAMILY = "1,2";
			};
			name = Release;
		};
		E334A4A12C1B36AA0034523E /* Debug */ = {
			isa = XCBuildConfiguration;
			buildSettings = {
				ALWAYS_EMBED_SWIFT_STANDARD_LIBRARIES = YES;
				BUNDLE_LOADER = "$(TEST_HOST)";
				CODE_SIGN_STYLE = Automatic;
				CURRENT_PROJECT_VERSION = 1;
				DEVELOPMENT_TEAM = YG2T83YT8G;
				GENERATE_INFOPLIST_FILE = YES;
				IPHONEOS_DEPLOYMENT_TARGET = 17.4;
				MARKETING_VERSION = 1.0;
				PRODUCT_BUNDLE_IDENTIFIER = "dylan-marteau-connect-tech.sncf.GiftTests";
				PRODUCT_NAME = "$(TARGET_NAME)";
				SWIFT_EMIT_LOC_STRINGS = NO;
				SWIFT_VERSION = 5.0;
				TARGETED_DEVICE_FAMILY = "1,2";
				TEST_HOST = "$(BUILT_PRODUCTS_DIR)/Gift.app/$(BUNDLE_EXECUTABLE_FOLDER_PATH)/Gift";
			};
			name = Debug;
		};
		E334A4A22C1B36AA0034523E /* Release */ = {
			isa = XCBuildConfiguration;
			buildSettings = {
				ALWAYS_EMBED_SWIFT_STANDARD_LIBRARIES = YES;
				BUNDLE_LOADER = "$(TEST_HOST)";
				CODE_SIGN_STYLE = Automatic;
				CURRENT_PROJECT_VERSION = 1;
				DEVELOPMENT_TEAM = YG2T83YT8G;
				GENERATE_INFOPLIST_FILE = YES;
				IPHONEOS_DEPLOYMENT_TARGET = 17.4;
				MARKETING_VERSION = 1.0;
				PRODUCT_BUNDLE_IDENTIFIER = "dylan-marteau-connect-tech.sncf.GiftTests";
				PRODUCT_NAME = "$(TARGET_NAME)";
				SWIFT_EMIT_LOC_STRINGS = NO;
				SWIFT_VERSION = 5.0;
				TARGETED_DEVICE_FAMILY = "1,2";
				TEST_HOST = "$(BUILT_PRODUCTS_DIR)/Gift.app/$(BUNDLE_EXECUTABLE_FOLDER_PATH)/Gift";
			};
			name = Release;
		};
		E334A4A42C1B36AA0034523E /* Debug */ = {
			isa = XCBuildConfiguration;
			buildSettings = {
				ALWAYS_EMBED_SWIFT_STANDARD_LIBRARIES = YES;
				CODE_SIGN_STYLE = Automatic;
				CURRENT_PROJECT_VERSION = 1;
				DEVELOPMENT_TEAM = YG2T83YT8G;
				GENERATE_INFOPLIST_FILE = YES;
				MARKETING_VERSION = 1.0;
				PRODUCT_BUNDLE_IDENTIFIER = "dylan-marteau-connect-tech.sncf.GiftUITests";
				PRODUCT_NAME = "$(TARGET_NAME)";
				SWIFT_EMIT_LOC_STRINGS = NO;
				SWIFT_VERSION = 5.0;
				TARGETED_DEVICE_FAMILY = "1,2";
				TEST_TARGET_NAME = Gift;
			};
			name = Debug;
		};
		E334A4A52C1B36AA0034523E /* Release */ = {
			isa = XCBuildConfiguration;
			buildSettings = {
				ALWAYS_EMBED_SWIFT_STANDARD_LIBRARIES = YES;
				CODE_SIGN_STYLE = Automatic;
				CURRENT_PROJECT_VERSION = 1;
				DEVELOPMENT_TEAM = YG2T83YT8G;
				GENERATE_INFOPLIST_FILE = YES;
				MARKETING_VERSION = 1.0;
				PRODUCT_BUNDLE_IDENTIFIER = "dylan-marteau-connect-tech.sncf.GiftUITests";
				PRODUCT_NAME = "$(TARGET_NAME)";
				SWIFT_EMIT_LOC_STRINGS = NO;
				SWIFT_VERSION = 5.0;
				TARGETED_DEVICE_FAMILY = "1,2";
				TEST_TARGET_NAME = Gift;
			};
			name = Release;
		};
/* End XCBuildConfiguration section */

/* Begin XCConfigurationList section */
		E334A4742C1B36A80034523E /* Build configuration list for PBXProject "Gift" */ = {
			isa = XCConfigurationList;
			buildConfigurations = (
				E334A49B2C1B36AA0034523E /* Debug */,
				E334A49C2C1B36AA0034523E /* Release */,
			);
			defaultConfigurationIsVisible = 0;
			defaultConfigurationName = Release;
		};
		E334A49D2C1B36AA0034523E /* Build configuration list for PBXNativeTarget "Gift" */ = {
			isa = XCConfigurationList;
			buildConfigurations = (
				E334A49E2C1B36AA0034523E /* Debug */,
				E334A49F2C1B36AA0034523E /* Release */,
			);
			defaultConfigurationIsVisible = 0;
			defaultConfigurationName = Release;
		};
		E334A4A02C1B36AA0034523E /* Build configuration list for PBXNativeTarget "GiftTests" */ = {
			isa = XCConfigurationList;
			buildConfigurations = (
				E334A4A12C1B36AA0034523E /* Debug */,
				E334A4A22C1B36AA0034523E /* Release */,
			);
			defaultConfigurationIsVisible = 0;
			defaultConfigurationName = Release;
		};
		E334A4A32C1B36AA0034523E /* Build configuration list for PBXNativeTarget "GiftUITests" */ = {
			isa = XCConfigurationList;
			buildConfigurations = (
				E334A4A42C1B36AA0034523E /* Debug */,
				E334A4A52C1B36AA0034523E /* Release */,
			);
			defaultConfigurationIsVisible = 0;
			defaultConfigurationName = Release;
		};
/* End XCConfigurationList section */

/* Begin XCRemoteSwiftPackageReference section */
		E334A4B12C1B3DB60034523E /* XCRemoteSwiftPackageReference "firebase-ios-sdk" */ = {
			isa = XCRemoteSwiftPackageReference;
			repositoryURL = "https://github.com/firebase/firebase-ios-sdk";
			requirement = {
				kind = upToNextMajorVersion;
				minimumVersion = 10.27.0;
			};
		};
/* End XCRemoteSwiftPackageReference section */

/* Begin XCSwiftPackageProductDependency section */
		E334A4B22C1B3DB60034523E /* FirebaseAnalytics */ = {
			isa = XCSwiftPackageProductDependency;
			package = E334A4B12C1B3DB60034523E /* XCRemoteSwiftPackageReference "firebase-ios-sdk" */;
			productName = FirebaseAnalytics;
		};
		E334A4B42C1B3DB60034523E /* FirebaseAnalyticsOnDeviceConversion */ = {
			isa = XCSwiftPackageProductDependency;
			package = E334A4B12C1B3DB60034523E /* XCRemoteSwiftPackageReference "firebase-ios-sdk" */;
			productName = FirebaseAnalyticsOnDeviceConversion;
		};
		E334A4B62C1B3DB60034523E /* FirebaseAnalyticsSwift */ = {
			isa = XCSwiftPackageProductDependency;
			package = E334A4B12C1B3DB60034523E /* XCRemoteSwiftPackageReference "firebase-ios-sdk" */;
			productName = FirebaseAnalyticsSwift;
		};
		E334A4B82C1B3DB60034523E /* FirebaseAnalyticsWithoutAdIdSupport */ = {
			isa = XCSwiftPackageProductDependency;
			package = E334A4B12C1B3DB60034523E /* XCRemoteSwiftPackageReference "firebase-ios-sdk" */;
			productName = FirebaseAnalyticsWithoutAdIdSupport;
		};
		E334A4BA2C1B3DB60034523E /* FirebaseAppCheck */ = {
			isa = XCSwiftPackageProductDependency;
			package = E334A4B12C1B3DB60034523E /* XCRemoteSwiftPackageReference "firebase-ios-sdk" */;
			productName = FirebaseAppCheck;
		};
		E334A4BC2C1B3DB60034523E /* FirebaseAppDistribution-Beta */ = {
			isa = XCSwiftPackageProductDependency;
			package = E334A4B12C1B3DB60034523E /* XCRemoteSwiftPackageReference "firebase-ios-sdk" */;
			productName = "FirebaseAppDistribution-Beta";
		};
		E334A4BE2C1B3DB60034523E /* FirebaseAuth */ = {
			isa = XCSwiftPackageProductDependency;
			package = E334A4B12C1B3DB60034523E /* XCRemoteSwiftPackageReference "firebase-ios-sdk" */;
			productName = FirebaseAuth;
		};
		E334A4C02C1B3DB60034523E /* FirebaseAuthCombine-Community */ = {
			isa = XCSwiftPackageProductDependency;
			package = E334A4B12C1B3DB60034523E /* XCRemoteSwiftPackageReference "firebase-ios-sdk" */;
			productName = "FirebaseAuthCombine-Community";
		};
		E334A4C22C1B3DB60034523E /* FirebaseCrashlytics */ = {
			isa = XCSwiftPackageProductDependency;
			package = E334A4B12C1B3DB60034523E /* XCRemoteSwiftPackageReference "firebase-ios-sdk" */;
			productName = FirebaseCrashlytics;
		};
		E334A4C42C1B3DB60034523E /* FirebaseDatabase */ = {
			isa = XCSwiftPackageProductDependency;
			package = E334A4B12C1B3DB60034523E /* XCRemoteSwiftPackageReference "firebase-ios-sdk" */;
			productName = FirebaseDatabase;
		};
		E334A4C62C1B3DB60034523E /* FirebaseDatabaseSwift */ = {
			isa = XCSwiftPackageProductDependency;
			package = E334A4B12C1B3DB60034523E /* XCRemoteSwiftPackageReference "firebase-ios-sdk" */;
			productName = FirebaseDatabaseSwift;
		};
		E334A4C82C1B3DB60034523E /* FirebaseDynamicLinks */ = {
			isa = XCSwiftPackageProductDependency;
			package = E334A4B12C1B3DB60034523E /* XCRemoteSwiftPackageReference "firebase-ios-sdk" */;
			productName = FirebaseDynamicLinks;
		};
		E334A4CA2C1B3DB60034523E /* FirebaseFirestore */ = {
			isa = XCSwiftPackageProductDependency;
			package = E334A4B12C1B3DB60034523E /* XCRemoteSwiftPackageReference "firebase-ios-sdk" */;
			productName = FirebaseFirestore;
		};
		E334A4CC2C1B3DB60034523E /* FirebaseFirestoreCombine-Community */ = {
			isa = XCSwiftPackageProductDependency;
			package = E334A4B12C1B3DB60034523E /* XCRemoteSwiftPackageReference "firebase-ios-sdk" */;
			productName = "FirebaseFirestoreCombine-Community";
		};
		E334A4CE2C1B3DB60034523E /* FirebaseFirestoreSwift */ = {
			isa = XCSwiftPackageProductDependency;
			package = E334A4B12C1B3DB60034523E /* XCRemoteSwiftPackageReference "firebase-ios-sdk" */;
			productName = FirebaseFirestoreSwift;
		};
		E334A4D02C1B3DB60034523E /* FirebaseFunctions */ = {
			isa = XCSwiftPackageProductDependency;
			package = E334A4B12C1B3DB60034523E /* XCRemoteSwiftPackageReference "firebase-ios-sdk" */;
			productName = FirebaseFunctions;
		};
		E334A4D22C1B3DB60034523E /* FirebaseFunctionsCombine-Community */ = {
			isa = XCSwiftPackageProductDependency;
			package = E334A4B12C1B3DB60034523E /* XCRemoteSwiftPackageReference "firebase-ios-sdk" */;
			productName = "FirebaseFunctionsCombine-Community";
		};
		E334A4D42C1B3DB60034523E /* FirebaseInAppMessaging-Beta */ = {
			isa = XCSwiftPackageProductDependency;
			package = E334A4B12C1B3DB60034523E /* XCRemoteSwiftPackageReference "firebase-ios-sdk" */;
			productName = "FirebaseInAppMessaging-Beta";
		};
		E334A4D62C1B3DB60034523E /* FirebaseInAppMessagingSwift-Beta */ = {
			isa = XCSwiftPackageProductDependency;
			package = E334A4B12C1B3DB60034523E /* XCRemoteSwiftPackageReference "firebase-ios-sdk" */;
			productName = "FirebaseInAppMessagingSwift-Beta";
		};
		E334A4D82C1B3DB60034523E /* FirebaseInstallations */ = {
			isa = XCSwiftPackageProductDependency;
			package = E334A4B12C1B3DB60034523E /* XCRemoteSwiftPackageReference "firebase-ios-sdk" */;
			productName = FirebaseInstallations;
		};
		E334A4DA2C1B3DB60034523E /* FirebaseMLModelDownloader */ = {
			isa = XCSwiftPackageProductDependency;
			package = E334A4B12C1B3DB60034523E /* XCRemoteSwiftPackageReference "firebase-ios-sdk" */;
			productName = FirebaseMLModelDownloader;
		};
		E334A4DC2C1B3DB60034523E /* FirebaseMessaging */ = {
			isa = XCSwiftPackageProductDependency;
			package = E334A4B12C1B3DB60034523E /* XCRemoteSwiftPackageReference "firebase-ios-sdk" */;
			productName = FirebaseMessaging;
		};
		E334A4DE2C1B3DB60034523E /* FirebasePerformance */ = {
			isa = XCSwiftPackageProductDependency;
			package = E334A4B12C1B3DB60034523E /* XCRemoteSwiftPackageReference "firebase-ios-sdk" */;
			productName = FirebasePerformance;
		};
		E334A4E02C1B3DB60034523E /* FirebaseRemoteConfig */ = {
			isa = XCSwiftPackageProductDependency;
			package = E334A4B12C1B3DB60034523E /* XCRemoteSwiftPackageReference "firebase-ios-sdk" */;
			productName = FirebaseRemoteConfig;
		};
		E334A4E22C1B3DB60034523E /* FirebaseRemoteConfigSwift */ = {
			isa = XCSwiftPackageProductDependency;
			package = E334A4B12C1B3DB60034523E /* XCRemoteSwiftPackageReference "firebase-ios-sdk" */;
			productName = FirebaseRemoteConfigSwift;
		};
		E334A4E42C1B3DB60034523E /* FirebaseStorage */ = {
			isa = XCSwiftPackageProductDependency;
			package = E334A4B12C1B3DB60034523E /* XCRemoteSwiftPackageReference "firebase-ios-sdk" */;
			productName = FirebaseStorage;
		};
		E334A4E62C1B3DB60034523E /* FirebaseStorageCombine-Community */ = {
			isa = XCSwiftPackageProductDependency;
			package = E334A4B12C1B3DB60034523E /* XCRemoteSwiftPackageReference "firebase-ios-sdk" */;
			productName = "FirebaseStorageCombine-Community";
		};
		E334A4E82C1B3DB60034523E /* FirebaseVertexAI-Preview */ = {
			isa = XCSwiftPackageProductDependency;
			package = E334A4B12C1B3DB60034523E /* XCRemoteSwiftPackageReference "firebase-ios-sdk" */;
			productName = "FirebaseVertexAI-Preview";
		};
/* End XCSwiftPackageProductDependency section */
	};
	rootObject = E334A4712C1B36A80034523E /* Project object */;
}
